
Microsoft Visual Studio Solution File, Format Version 12.00
# Visual Studio 14
VisualStudioVersion = 14.0.24720.0
MinimumVisualStudioVersion = 10.0.40219.1
Project("{FAE04EC0-301F-11D3-BF4B-00C04F79EFBC}") = "MVCSoftware", "MVCSoftware\MVCSoftware.csproj", "{D87E1C64-56CC-484D-83D8-814F97855BDF}"
EndProject
Project("{2150E333-8FDC-42A3-9474-1A3956D46DE8}") = ".nuget", ".nuget", "{C88D24B1-A3A7-445D-9F4E-7DDAE85F4833}"
	ProjectSection(SolutionItems) = preProject
		.nuget\NuGet.Config = .nuget\NuGet.Config
		.nuget\NuGet.exe = .nuget\NuGet.exe
		.nuget\NuGet.targets = .nuget\NuGet.targets
	EndProjectSection
EndProject
Project("{FAE04EC0-301F-11D3-BF4B-00C04F79EFBC}") = "RestAPI", "..\RestAPI\RestAPI\RestAPI.csproj", "{1F7CD9D8-22E7-44F2-A92E-A9E9214F00E2}"
EndProject
Project("{FAE04EC0-301F-11D3-BF4B-00C04F79EFBC}") = "BasicFunction", "..\RestAPI\BasicFunction\BasicFunction.csproj", "{1DEFA101-1C72-4F28-85CF-A0B6BDB89347}"
EndProject
Project("{FAE04EC0-301F-11D3-BF4B-00C04F79EFBC}") = "DatabaseEntity", "..\RestAPI\DatabaseEntity\DatabaseEntity.csproj", "{47D43EAD-3D65-44CD-819C-2CDD99D572B8}"
EndProject
Project("{FAE04EC0-301F-11D3-BF4B-00C04F79EFBC}") = "TestApplication", "TestApplication\TestApplication.csproj", "{412324F7-647F-4424-BB6D-3328C518C07F}"
EndProject
Global
	GlobalSection(SolutionConfigurationPlatforms) = preSolution
		Debug|Any CPU = Debug|Any CPU
		Release|Any CPU = Release|Any CPU
	EndGlobalSection
	GlobalSection(ProjectConfigurationPlatforms) = postSolution
		{D87E1C64-56CC-484D-83D8-814F97855BDF}.Debug|Any CPU.ActiveCfg = Debug|Any CPU
		{D87E1C64-56CC-484D-83D8-814F97855BDF}.Debug|Any CPU.Build.0 = Debug|Any CPU
		{D87E1C64-56CC-484D-83D8-814F97855BDF}.Release|Any CPU.ActiveCfg = Release|Any CPU
		{D87E1C64-56CC-484D-83D8-814F97855BDF}.Release|Any CPU.Build.0 = Release|Any CPU
		{1F7CD9D8-22E7-44F2-A92E-A9E9214F00E2}.Debug|Any CPU.ActiveCfg = Debug|Any CPU
		{1F7CD9D8-22E7-44F2-A92E-A9E9214F00E2}.Debug|Any CPU.Build.0 = Debug|Any CPU
		{1F7CD9D8-22E7-44F2-A92E-A9E9214F00E2}.Release|Any CPU.ActiveCfg = Release|Any CPU
		{1F7CD9D8-22E7-44F2-A92E-A9E9214F00E2}.Release|Any CPU.Build.0 = Release|Any CPU
		{1DEFA101-1C72-4F28-85CF-A0B6BDB89347}.Debug|Any CPU.ActiveCfg = Debug|Any CPU
		{1DEFA101-1C72-4F28-85CF-A0B6BDB89347}.Debug|Any CPU.Build.0 = Debug|Any CPU
		{1DEFA101-1C72-4F28-85CF-A0B6BDB89347}.Release|Any CPU.ActiveCfg = Release|Any CPU
		{1DEFA101-1C72-4F28-85CF-A0B6BDB89347}.Release|Any CPU.Build.0 = Release|Any CPU
		{47D43EAD-3D65-44CD-819C-2CDD99D572B8}.Debug|Any CPU.ActiveCfg = Debug|Any CPU
		{47D43EAD-3D65-44CD-819C-2CDD99D572B8}.Debug|Any CPU.Build.0 = Debug|Any CPU
		{47D43EAD-3D65-44CD-819C-2CDD99D572B8}.Release|Any CPU.ActiveCfg = Release|Any CPU
		{47D43EAD-3D65-44CD-819C-2CDD99D572B8}.Release|Any CPU.Build.0 = Release|Any CPU
		{412324F7-647F-4424-BB6D-3328C518C07F}.Debug|Any CPU.ActiveCfg = Debug|Any CPU
		{412324F7-647F-4424-BB6D-3328C518C07F}.Debug|Any CPU.Build.0 = Debug|Any CPU
		{412324F7-647F-4424-BB6D-3328C518C07F}.Release|Any CPU.ActiveCfg = Release|Any CPU
		{412324F7-647F-4424-BB6D-3328C518C07F}.Release|Any CPU.Build.0 = Release|Any CPU
	EndGlobalSection
	GlobalSection(SolutionProperties) = preSolution
		HideSolutionNode = FALSE
	EndGlobalSection
EndGlobal
